
Microsoft Visual Studio Solution File, Format Version 12.00
# Visual Studio Version 17
VisualStudioVersion = 17.5.33530.505
MinimumVisualStudioVersion = 10.0.40219.1
Project("{FAE04EC0-301F-11D3-BF4B-00C04F79EFBC}") = "ExercicioLista", "ExercicioLista\ExercicioLista.csproj", "{EDFA7713-8CEA-4530-AE43-9FC8048EF5C3}"
EndProject
Global
	GlobalSection(SolutionConfigurationPlatforms) = preSolution
		Debug|Any CPU = Debug|Any CPU
		Release|Any CPU = Release|Any CPU
	EndGlobalSection
	GlobalSection(ProjectConfigurationPlatforms) = postSolution
		{EDFA7713-8CEA-4530-AE43-9FC8048EF5C3}.Debug|Any CPU.ActiveCfg = Debug|Any CPU
		{EDFA7713-8CEA-4530-AE43-9FC8048EF5C3}.Debug|Any CPU.Build.0 = Debug|Any CPU
		{EDFA7713-8CEA-4530-AE43-9FC8048EF5C3}.Release|Any CPU.ActiveCfg = Release|Any CPU
		{EDFA7713-8CEA-4530-AE43-9FC8048EF5C3}.Release|Any CPU.Build.0 = Release|Any CPU
	EndGlobalSection
	GlobalSection(SolutionProperties) = preSolution
		HideSolutionNode = FALSE
	EndGlobalSection
	GlobalSection(ExtensibilityGlobals) = postSolution
		SolutionGuid = {1A90CFF7-7C65-4971-8E7B-BCBA290ECB28}
	EndGlobalSection
EndGlobal
