
Microsoft Visual Studio Solution File, Format Version 12.00
# Visual Studio Version 17
VisualStudioVersion = 17.5.33530.505
MinimumVisualStudioVersion = 10.0.40219.1
Project("{FAE04EC0-301F-11D3-BF4B-00C04F79EFBC}") = "Course", "Course\Course.csproj", "{D577C485-41E8-4D32-B981-89EE29903507}"
EndProject
Global
	GlobalSection(SolutionConfigurationPlatforms) = preSolution
		Debug|Any CPU = Debug|Any CPU
		Release|Any CPU = Release|Any CPU
	EndGlobalSection
	GlobalSection(ProjectConfigurationPlatforms) = postSolution
		{D577C485-41E8-4D32-B981-89EE29903507}.Debug|Any CPU.ActiveCfg = Debug|Any CPU
		{D577C485-41E8-4D32-B981-89EE29903507}.Debug|Any CPU.Build.0 = Debug|Any CPU
		{D577C485-41E8-4D32-B981-89EE29903507}.Release|Any CPU.ActiveCfg = Release|Any CPU
		{D577C485-41E8-4D32-B981-89EE29903507}.Release|Any CPU.Build.0 = Release|Any CPU
	EndGlobalSection
	GlobalSection(SolutionProperties) = preSolution
		HideSolutionNode = FALSE
	EndGlobalSection
	GlobalSection(ExtensibilityGlobals) = postSolution
		SolutionGuid = {97D2E114-A624-4A4F-95A7-B40BAF799CAD}
	EndGlobalSection
EndGlobal
